
Microsoft Visual Studio Solution File, Format Version 12.00
# Visual Studio Version 16
VisualStudioVersion = 16.0.30114.105
MinimumVisualStudioVersion = 10.0.40219.1
Project("{FAE04EC0-301F-11D3-BF4B-00C04F79EFBC}") = "ProEventos.Application", "ProEventos.Application\ProEventos.Application.csproj", "{7E0DC7C3-61AF-4539-AA58-F19290B84E34}"
EndProject
Project("{FAE04EC0-301F-11D3-BF4B-00C04F79EFBC}") = "ProEventos.Domain", "ProEventos.Domain\ProEventos.Domain.csproj", "{0AFE4C16-CFFC-4376-A4B6-85CD222D9082}"
EndProject
Project("{FAE04EC0-301F-11D3-BF4B-00C04F79EFBC}") = "ProEventos.API", "ProEventos.Api\ProEventos.API.csproj", "{1D0467FC-78D4-45AB-8161-496B2FC62145}"
EndProject
Project("{FAE04EC0-301F-11D3-BF4B-00C04F79EFBC}") = "ProEventos.Persistence", "ProEventos.Persistence\ProEventos.Persistence.csproj", "{B78B46EA-79F8-47B1-A4A2-58918488711E}"
EndProject
Global
	GlobalSection(SolutionConfigurationPlatforms) = preSolution
		Debug|Any CPU = Debug|Any CPU
		Debug|x64 = Debug|x64
		Debug|x86 = Debug|x86
		Release|Any CPU = Release|Any CPU
		Release|x64 = Release|x64
		Release|x86 = Release|x86
	EndGlobalSection
	GlobalSection(SolutionProperties) = preSolution
		HideSolutionNode = FALSE
	EndGlobalSection
	GlobalSection(ProjectConfigurationPlatforms) = postSolution
		{7E0DC7C3-61AF-4539-AA58-F19290B84E34}.Debug|Any CPU.ActiveCfg = Debug|Any CPU
		{7E0DC7C3-61AF-4539-AA58-F19290B84E34}.Debug|Any CPU.Build.0 = Debug|Any CPU
		{7E0DC7C3-61AF-4539-AA58-F19290B84E34}.Debug|x64.ActiveCfg = Debug|Any CPU
		{7E0DC7C3-61AF-4539-AA58-F19290B84E34}.Debug|x64.Build.0 = Debug|Any CPU
		{7E0DC7C3-61AF-4539-AA58-F19290B84E34}.Debug|x86.ActiveCfg = Debug|Any CPU
		{7E0DC7C3-61AF-4539-AA58-F19290B84E34}.Debug|x86.Build.0 = Debug|Any CPU
		{7E0DC7C3-61AF-4539-AA58-F19290B84E34}.Release|Any CPU.ActiveCfg = Release|Any CPU
		{7E0DC7C3-61AF-4539-AA58-F19290B84E34}.Release|Any CPU.Build.0 = Release|Any CPU
		{7E0DC7C3-61AF-4539-AA58-F19290B84E34}.Release|x64.ActiveCfg = Release|Any CPU
		{7E0DC7C3-61AF-4539-AA58-F19290B84E34}.Release|x64.Build.0 = Release|Any CPU
		{7E0DC7C3-61AF-4539-AA58-F19290B84E34}.Release|x86.ActiveCfg = Release|Any CPU
		{7E0DC7C3-61AF-4539-AA58-F19290B84E34}.Release|x86.Build.0 = Release|Any CPU
		{0AFE4C16-CFFC-4376-A4B6-85CD222D9082}.Debug|Any CPU.ActiveCfg = Debug|Any CPU
		{0AFE4C16-CFFC-4376-A4B6-85CD222D9082}.Debug|Any CPU.Build.0 = Debug|Any CPU
		{0AFE4C16-CFFC-4376-A4B6-85CD222D9082}.Debug|x64.ActiveCfg = Debug|Any CPU
		{0AFE4C16-CFFC-4376-A4B6-85CD222D9082}.Debug|x64.Build.0 = Debug|Any CPU
		{0AFE4C16-CFFC-4376-A4B6-85CD222D9082}.Debug|x86.ActiveCfg = Debug|Any CPU
		{0AFE4C16-CFFC-4376-A4B6-85CD222D9082}.Debug|x86.Build.0 = Debug|Any CPU
		{0AFE4C16-CFFC-4376-A4B6-85CD222D9082}.Release|Any CPU.ActiveCfg = Release|Any CPU
		{0AFE4C16-CFFC-4376-A4B6-85CD222D9082}.Release|Any CPU.Build.0 = Release|Any CPU
		{0AFE4C16-CFFC-4376-A4B6-85CD222D9082}.Release|x64.ActiveCfg = Release|Any CPU
		{0AFE4C16-CFFC-4376-A4B6-85CD222D9082}.Release|x64.Build.0 = Release|Any CPU
		{0AFE4C16-CFFC-4376-A4B6-85CD222D9082}.Release|x86.ActiveCfg = Release|Any CPU
		{0AFE4C16-CFFC-4376-A4B6-85CD222D9082}.Release|x86.Build.0 = Release|Any CPU
		{1D0467FC-78D4-45AB-8161-496B2FC62145}.Debug|Any CPU.ActiveCfg = Debug|Any CPU
		{1D0467FC-78D4-45AB-8161-496B2FC62145}.Debug|Any CPU.Build.0 = Debug|Any CPU
		{1D0467FC-78D4-45AB-8161-496B2FC62145}.Debug|x64.ActiveCfg = Debug|Any CPU
		{1D0467FC-78D4-45AB-8161-496B2FC62145}.Debug|x64.Build.0 = Debug|Any CPU
		{1D0467FC-78D4-45AB-8161-496B2FC62145}.Debug|x86.ActiveCfg = Debug|Any CPU
		{1D0467FC-78D4-45AB-8161-496B2FC62145}.Debug|x86.Build.0 = Debug|Any CPU
		{1D0467FC-78D4-45AB-8161-496B2FC62145}.Release|Any CPU.ActiveCfg = Release|Any CPU
		{1D0467FC-78D4-45AB-8161-496B2FC62145}.Release|Any CPU.Build.0 = Release|Any CPU
		{1D0467FC-78D4-45AB-8161-496B2FC62145}.Release|x64.ActiveCfg = Release|Any CPU
		{1D0467FC-78D4-45AB-8161-496B2FC62145}.Release|x64.Build.0 = Release|Any CPU
		{1D0467FC-78D4-45AB-8161-496B2FC62145}.Release|x86.ActiveCfg = Release|Any CPU
		{1D0467FC-78D4-45AB-8161-496B2FC62145}.Release|x86.Build.0 = Release|Any CPU
		{B78B46EA-79F8-47B1-A4A2-58918488711E}.Debug|Any CPU.ActiveCfg = Debug|Any CPU
		{B78B46EA-79F8-47B1-A4A2-58918488711E}.Debug|Any CPU.Build.0 = Debug|Any CPU
		{B78B46EA-79F8-47B1-A4A2-58918488711E}.Debug|x64.ActiveCfg = Debug|Any CPU
		{B78B46EA-79F8-47B1-A4A2-58918488711E}.Debug|x64.Build.0 = Debug|Any CPU
		{B78B46EA-79F8-47B1-A4A2-58918488711E}.Debug|x86.ActiveCfg = Debug|Any CPU
		{B78B46EA-79F8-47B1-A4A2-58918488711E}.Debug|x86.Build.0 = Debug|Any CPU
		{B78B46EA-79F8-47B1-A4A2-58918488711E}.Release|Any CPU.ActiveCfg = Release|Any CPU
		{B78B46EA-79F8-47B1-A4A2-58918488711E}.Release|Any CPU.Build.0 = Release|Any CPU
		{B78B46EA-79F8-47B1-A4A2-58918488711E}.Release|x64.ActiveCfg = Release|Any CPU
		{B78B46EA-79F8-47B1-A4A2-58918488711E}.Release|x64.Build.0 = Release|Any CPU
		{B78B46EA-79F8-47B1-A4A2-58918488711E}.Release|x86.ActiveCfg = Release|Any CPU
		{B78B46EA-79F8-47B1-A4A2-58918488711E}.Release|x86.Build.0 = Release|Any CPU
	EndGlobalSection
EndGlobal
